
Microsoft Visual Studio Solution File, Format Version 12.00
# Visual Studio Version 16
VisualStudioVersion = 16.0.30804.86
MinimumVisualStudioVersion = 10.0.40219.1
Project("{9A19103F-16F7-4668-BE54-9A1E7A4F7556}") = "InventoryService", "InventoryService.csproj", "{0D14EDCE-0577-43A6-9AEC-3085DB7E35C1}"
EndProject
Global
	GlobalSection(SolutionConfigurationPlatforms) = preSolution
		Debug|Any CPU = Debug|Any CPU
		Release|Any CPU = Release|Any CPU
	EndGlobalSection
	GlobalSection(ProjectConfigurationPlatforms) = postSolution
		{0D14EDCE-0577-43A6-9AEC-3085DB7E35C1}.Debug|Any CPU.ActiveCfg = Debug|Any CPU
		{0D14EDCE-0577-43A6-9AEC-3085DB7E35C1}.Debug|Any CPU.Build.0 = Debug|Any CPU
		{0D14EDCE-0577-43A6-9AEC-3085DB7E35C1}.Release|Any CPU.ActiveCfg = Release|Any CPU
		{0D14EDCE-0577-43A6-9AEC-3085DB7E35C1}.Release|Any CPU.Build.0 = Release|Any CPU
	EndGlobalSection
	GlobalSection(SolutionProperties) = preSolution
		HideSolutionNode = FALSE
	EndGlobalSection
	GlobalSection(ExtensibilityGlobals) = postSolution
		SolutionGuid = {DD99D62E-0695-4407-8EBC-E4FA3826F04D}
	EndGlobalSection
EndGlobal
